
Microsoft Visual Studio Solution File, Format Version 12.00
# Visual Studio Version 17
VisualStudioVersion = 17.5.33414.496
MinimumVisualStudioVersion = 10.0.40219.1
Project("{FAE04EC0-301F-11D3-BF4B-00C04F79EFBC}") = "Ticari_Otomasyon", "Ticari_Otomasyon\Ticari_Otomasyon.csproj", "{270C3953-1562-4A8A-9BA8-BF16C34E8897}"
EndProject
Global
	GlobalSection(SolutionConfigurationPlatforms) = preSolution
		Debug|Any CPU = Debug|Any CPU
		Release|Any CPU = Release|Any CPU
	EndGlobalSection
	GlobalSection(ProjectConfigurationPlatforms) = postSolution
		{270C3953-1562-4A8A-9BA8-BF16C34E8897}.Debug|Any CPU.ActiveCfg = Debug|Any CPU
		{270C3953-1562-4A8A-9BA8-BF16C34E8897}.Debug|Any CPU.Build.0 = Debug|Any CPU
		{270C3953-1562-4A8A-9BA8-BF16C34E8897}.Release|Any CPU.ActiveCfg = Release|Any CPU
		{270C3953-1562-4A8A-9BA8-BF16C34E8897}.Release|Any CPU.Build.0 = Release|Any CPU
	EndGlobalSection
	GlobalSection(SolutionProperties) = preSolution
		HideSolutionNode = FALSE
	EndGlobalSection
	GlobalSection(ExtensibilityGlobals) = postSolution
		SolutionGuid = {35A879BD-C18B-485E-870F-FDDAC138BE52}
	EndGlobalSection
EndGlobal
